
Microsoft Visual Studio Solution File, Format Version 12.00
# Visual Studio Version 16
VisualStudioVersion = 16.0.31019.35
MinimumVisualStudioVersion = 10.0.40219.1
Project("{FAE04EC0-301F-11D3-BF4B-00C04F79EFBC}") = "AddressBook", "AddressBook.csproj", "{59BC26FC-8E84-461A-9C12-2B73C2A42D21}"
EndProject
Global
	GlobalSection(SolutionConfigurationPlatforms) = preSolution
		Debug|Any CPU = Debug|Any CPU
		Release|Any CPU = Release|Any CPU
	EndGlobalSection
	GlobalSection(ProjectConfigurationPlatforms) = postSolution
		{59BC26FC-8E84-461A-9C12-2B73C2A42D21}.Debug|Any CPU.ActiveCfg = Debug|Any CPU
		{59BC26FC-8E84-461A-9C12-2B73C2A42D21}.Debug|Any CPU.Build.0 = Debug|Any CPU
		{59BC26FC-8E84-461A-9C12-2B73C2A42D21}.Release|Any CPU.ActiveCfg = Release|Any CPU
		{59BC26FC-8E84-461A-9C12-2B73C2A42D21}.Release|Any CPU.Build.0 = Release|Any CPU
	EndGlobalSection
	GlobalSection(SolutionProperties) = preSolution
		HideSolutionNode = FALSE
	EndGlobalSection
	GlobalSection(ExtensibilityGlobals) = postSolution
		SolutionGuid = {02AC76E8-4890-41C8-BE55-D35F9BF1E1FB}
	EndGlobalSection
EndGlobal
